[root]
name = "ex1"
version = "0.1.0"
dependencies = [
 "base64 0.5.2 (git+https://github.com/alicemaz/rust-base64)",
 "byteorder 1.0.0 (git+https://github.com/BurntSushi/byteorder)",
 "rustc-serialize 0.3.24 (registry+https://github.com/rust-lang/crates.io-index)",
 "safemem 0.2.0 (git+https://github.com/abonander/safemem)",
]

[[package]]
name = "base64"
version = "0.5.2"
source = "git+https://github.com/alicemaz/rust-base64#e7f3208fca3198bc187477b34a4b0e1e36d6883e"
dependencies = [
 "byteorder 1.0.0 (registry+https://github.com/rust-lang/crates.io-index)",
 "safemem 0.2.0 (registry+https://github.com/rust-lang/crates.io-index)",
]

[[package]]
name = "byteorder"
version = "1.0.0"
source = "git+https://github.com/BurntSushi/byteorder#f8e7685b3a81c52f5448fd77fb4e0535bc92f880"

[[package]]
name = "byteorder"
version = "1.0.0"
source = "registry+https://github.com/rust-lang/crates.io-index"

[[package]]
name = "rustc-serialize"
version = "0.3.24"
source = "registry+https://github.com/rust-lang/crates.io-index"

[[package]]
name = "safemem"
version = "0.2.0"
source = "git+https://github.com/abonander/safemem#075fae968101e119f8a05199e28868e190638092"

[[package]]
name = "safemem"
version = "0.2.0"
source = "registry+https://github.com/rust-lang/crates.io-index"

[metadata]
"checksum base64 0.5.2 (git+https://github.com/alicemaz/rust-base64)" = "<none>"
"checksum byteorder 1.0.0 (git+https://github.com/BurntSushi/byteorder)" = "<none>"
"checksum byteorder 1.0.0 (registry+https://github.com/rust-lang/crates.io-index)" = "c40977b0ee6b9885c9013cd41d9feffdd22deb3bb4dc3a71d901cc7a77de18c8"
"checksum rustc-serialize 0.3.24 (registry+https://github.com/rust-lang/crates.io-index)" = "dcf128d1287d2ea9d80910b5f1120d0b8eede3fbf1abe91c40d39ea7d51e6fda"
"checksum safemem 0.2.0 (git+https://github.com/abonander/safemem)" = "<none>"
"checksum safemem 0.2.0 (registry+https://github.com/rust-lang/crates.io-index)" = "e27a8b19b835f7aea908818e871f5cc3a5a186550c30773be987e155e8163d8f"
